
Microsoft Visual Studio Solution File, Format Version 12.00
# Visual Studio 14
VisualStudioVersion = 14.0.25123.0
MinimumVisualStudioVersion = 10.0.40219.1
Project("{6524F4A7-4815-4E9A-B73A-2E4D2D50EE95}") = "Sitecore.Support.153466", "Sitecore.Support.153466\Sitecore.Support.153466.csproj", "{2F5DC3B7-F7B9-46C8-BFC8-267596AB398E}"
EndProject
Global
	GlobalSection(SolutionConfigurationPlatforms) = preSolution
		Debug|Any CPU = Debug|Any CPU
		Release|Any CPU = Release|Any CPU
	EndGlobalSection
	GlobalSection(ProjectConfigurationPlatforms) = postSolution
		{2F5DC3B7-F7B9-46C8-BFC8-267596AB398E}.Debug|Any CPU.ActiveCfg = Debug|Any CPU
		{2F5DC3B7-F7B9-46C8-BFC8-267596AB398E}.Debug|Any CPU.Build.0 = Debug|Any CPU
		{2F5DC3B7-F7B9-46C8-BFC8-267596AB398E}.Release|Any CPU.ActiveCfg = Release|Any CPU
		{2F5DC3B7-F7B9-46C8-BFC8-267596AB398E}.Release|Any CPU.Build.0 = Release|Any CPU
	EndGlobalSection
	GlobalSection(SolutionProperties) = preSolution
		HideSolutionNode = FALSE
	EndGlobalSection
EndGlobal
